
Microsoft Visual Studio Solution File, Format Version 12.00
# Visual Studio Version 17
VisualStudioVersion = 17.5.2.0
MinimumVisualStudioVersion = 10.0.40219.1
Project("{FAE04EC0-301F-11D3-BF4B-00C04F79EFBC}") = "RegistryExpert.Core", "RegistryExpert.Core\RegistryExpert.Core.csproj", "{0C97F445-D3D1-4C82-9C30-80E80A053301}"
EndProject
Project("{FAE04EC0-301F-11D3-BF4B-00C04F79EFBC}") = "RegistryExpert.Wpf", "RegistryExpert.Wpf\RegistryExpert.Wpf.csproj", "{3969FA2E-ED74-481D-A744-3C861B1B71DB}"
EndProject
Global
	GlobalSection(SolutionConfigurationPlatforms) = preSolution
		Debug|Any CPU = Debug|Any CPU
		Release|Any CPU = Release|Any CPU
	EndGlobalSection
	GlobalSection(ProjectConfigurationPlatforms) = postSolution
		{0C97F445-D3D1-4C82-9C30-80E80A053301}.Debug|Any CPU.ActiveCfg = Debug|Any CPU
		{0C97F445-D3D1-4C82-9C30-80E80A053301}.Debug|Any CPU.Build.0 = Debug|Any CPU
		{0C97F445-D3D1-4C82-9C30-80E80A053301}.Release|Any CPU.ActiveCfg = Release|Any CPU
		{0C97F445-D3D1-4C82-9C30-80E80A053301}.Release|Any CPU.Build.0 = Release|Any CPU
		{3969FA2E-ED74-481D-A744-3C861B1B71DB}.Debug|Any CPU.ActiveCfg = Debug|Any CPU
		{3969FA2E-ED74-481D-A744-3C861B1B71DB}.Debug|Any CPU.Build.0 = Debug|Any CPU
		{3969FA2E-ED74-481D-A744-3C861B1B71DB}.Release|Any CPU.ActiveCfg = Release|Any CPU
		{3969FA2E-ED74-481D-A744-3C861B1B71DB}.Release|Any CPU.Build.0 = Release|Any CPU
	EndGlobalSection
	GlobalSection(SolutionProperties) = preSolution
		HideSolutionNode = FALSE
	EndGlobalSection
	GlobalSection(ExtensibilityGlobals) = postSolution
		SolutionGuid = {9027BF46-4272-469E-B387-4840544FD9F6}
	EndGlobalSection
EndGlobal
